
Microsoft Visual Studio Solution File, Format Version 12.00
# Visual Studio Version 16
VisualStudioVersion = 16.0.31613.86
MinimumVisualStudioVersion = 10.0.40219.1
Project("{FAE04EC0-301F-11D3-BF4B-00C04F79EFBC}") = "NumeralConverter", "NumeralConverter\NumeralConverter.csproj", "{0603AA79-18C8-4700-AC84-535C0F96D9E2}"
EndProject
Global
	GlobalSection(SolutionConfigurationPlatforms) = preSolution
		Debug|Any CPU = Debug|Any CPU
		Release|Any CPU = Release|Any CPU
	EndGlobalSection
	GlobalSection(ProjectConfigurationPlatforms) = postSolution
		{0603AA79-18C8-4700-AC84-535C0F96D9E2}.Debug|Any CPU.ActiveCfg = Debug|Any CPU
		{0603AA79-18C8-4700-AC84-535C0F96D9E2}.Debug|Any CPU.Build.0 = Debug|Any CPU
		{0603AA79-18C8-4700-AC84-535C0F96D9E2}.Release|Any CPU.ActiveCfg = Release|Any CPU
		{0603AA79-18C8-4700-AC84-535C0F96D9E2}.Release|Any CPU.Build.0 = Release|Any CPU
	EndGlobalSection
	GlobalSection(SolutionProperties) = preSolution
		HideSolutionNode = FALSE
	EndGlobalSection
	GlobalSection(ExtensibilityGlobals) = postSolution
		SolutionGuid = {95580823-1D30-4F8A-B9BA-8B5EAFB20D85}
	EndGlobalSection
EndGlobal
